PODS:
  - Flutter (1.0.0)
  - linkos_sdk (0.0.1):
    - Flutter

DEPENDENCIES:
  - Flutter (from `Flutter`)
  - linkos_sdk (from `.symlinks/plugins/linkos_sdk/ios`)

EXTERNAL SOURCES:
  Flutter:
    :path: Flutter
  linkos_sdk:
    :path: ".symlinks/plugins/linkos_sdk/ios"

SPEC CHECKSUMS:
  Flutter: e0871f40cf51350855a761d2e70bf5af5b9b5de7
  linkos_sdk: e0d6abf3eaa61f125356757a41eced2169e8c101

PODFILE CHECKSUM: 819463e6a0290f5a72f145ba7cde16e8b6ef0796

COCOAPODS: 1.15.1
