PODS:
  - FlutterMacOS (1.0.0)
  - linkos_sdk (0.0.1):
    - FlutterMacOS

DEPENDENCIES:
  - FlutterMacOS (from `Flutter/ephemeral`)
  - linkos_sdk (from `Flutter/ephemeral/.symlinks/plugins/linkos_sdk/macos`)

EXTERNAL SOURCES:
  FlutterMacOS:
    :path: Flutter/ephemeral
  linkos_sdk:
    :path: Flutter/ephemeral/.symlinks/plugins/linkos_sdk/macos

SPEC CHECKSUMS:
  FlutterMacOS: 8f6f14fa908a6fb3fba0cd85dbd81ec4b251fb24
  linkos_sdk: 143ba9209671d4cbbec5b3e180021f642675961f

PODFILE CHECKSUM: 236401fc2c932af29a9fcf0e97baeeb2d750d367

COCOAPODS: 1.15.1
